
Microsoft Visual Studio Solution File, Format Version 12.00
# Visual Studio 2013
VisualStudioVersion = 12.0.30324.0
MinimumVisualStudioVersion = 10.0.40219.1
Project("{F2A71F9B-5D33-465A-A702-920D77279786}") = "SequenceAlignment", "src\SequenceAlignment\SequenceAlignment.fsproj", "{EB08E6E7-83E5-48D3-8C50-50E223BA9DDD}"
EndProject
Project("{F2A71F9B-5D33-465A-A702-920D77279786}") = "SequenceAlignment.Tests", "tests\SequenceAlignment.Tests\SequenceAlignment.Tests.fsproj", "{DD9EDE7B-4ADB-4BFA-8E0F-BCB8F58CF70F}"
EndProject
Global
	GlobalSection(SolutionConfigurationPlatforms) = preSolution
		Debug|Any CPU = Debug|Any CPU
		Release|Any CPU = Release|Any CPU
	EndGlobalSection
	GlobalSection(ProjectConfigurationPlatforms) = postSolution
		{EB08E6E7-83E5-48D3-8C50-50E223BA9DDD}.Debug|Any CPU.ActiveCfg = Debug|Any CPU
		{EB08E6E7-83E5-48D3-8C50-50E223BA9DDD}.Debug|Any CPU.Build.0 = Debug|Any CPU
		{EB08E6E7-83E5-48D3-8C50-50E223BA9DDD}.Release|Any CPU.ActiveCfg = Release|Any CPU
		{EB08E6E7-83E5-48D3-8C50-50E223BA9DDD}.Release|Any CPU.Build.0 = Release|Any CPU
		{DD9EDE7B-4ADB-4BFA-8E0F-BCB8F58CF70F}.Debug|Any CPU.ActiveCfg = Debug|Any CPU
		{DD9EDE7B-4ADB-4BFA-8E0F-BCB8F58CF70F}.Debug|Any CPU.Build.0 = Debug|Any CPU
		{DD9EDE7B-4ADB-4BFA-8E0F-BCB8F58CF70F}.Release|Any CPU.ActiveCfg = Release|Any CPU
		{DD9EDE7B-4ADB-4BFA-8E0F-BCB8F58CF70F}.Release|Any CPU.Build.0 = Release|Any CPU
	EndGlobalSection
	GlobalSection(SolutionProperties) = preSolution
		HideSolutionNode = FALSE
	EndGlobalSection
EndGlobal
